
Microsoft Visual Studio Solution File, Format Version 12.00
# Visual Studio Version 17
VisualStudioVersion = 17.11.35327.3
MinimumVisualStudioVersion = 10.0.40219.1
Project("{FAE04EC0-301F-11D3-BF4B-00C04F79EFBC}") = "NumberGuessingGame", "NumberGuessingGame.csproj", "{7FA1A09D-5098-4869-B02F-A6DD795D70B2}"
EndProject
Global
	GlobalSection(SolutionConfigurationPlatforms) = preSolution
		Debug|Any CPU = Debug|Any CPU
		Release|Any CPU = Release|Any CPU
	EndGlobalSection
	GlobalSection(ProjectConfigurationPlatforms) = postSolution
		{7FA1A09D-5098-4869-B02F-A6DD795D70B2}.Debug|Any CPU.ActiveCfg = Debug|Any CPU
		{7FA1A09D-5098-4869-B02F-A6DD795D70B2}.Debug|Any CPU.Build.0 = Debug|Any CPU
		{7FA1A09D-5098-4869-B02F-A6DD795D70B2}.Release|Any CPU.ActiveCfg = Release|Any CPU
		{7FA1A09D-5098-4869-B02F-A6DD795D70B2}.Release|Any CPU.Build.0 = Release|Any CPU
	EndGlobalSection
	GlobalSection(SolutionProperties) = preSolution
		HideSolutionNode = FALSE
	EndGlobalSection
	GlobalSection(ExtensibilityGlobals) = postSolution
		SolutionGuid = {F47017F6-7504-42B9-BF11-B8821423E5B0}
	EndGlobalSection
EndGlobal
